// !$*UTF8*$!
{
	archiveVersion = 1;
	classes = {
	};
	objectVersion = 56;
	objects = {

/* Begin PBXBuildFile section */
		763F4507A681E31B229DF9A3 /* RelayApp.swift in Sources */ = {isa = PBXBuildFile; fileRef = 3EC1C60F7F5D8989E26D1C5E /* RelayApp.swift */; };
		44D35376D571F2F897AE1A42 /* Assets.xcassets in Resources */ = {isa = PBXBuildFile; fileRef = B06D26090891ADC0DE5998B2 /* Assets.xcassets */; };
		B3569338D0EDA27BDC776530 /* PushNotifications.swift in Sources */ = {isa = PBXBuildFile; fileRef = 74E7DD56C453AE712A8F320A /* PushNotifications.swift */; };
		846B14612F69E8E6AFB027D7 /* RelayModels.swift in Sources */ = {isa = PBXBuildFile; fileRef = 35D05F6EBC323745F481746C /* RelayModels.swift */; };
		A0920A03C43B6DF004D4275C /* RelayAPIClient.swift in Sources */ = {isa = PBXBuildFile; fileRef = E17F642EE2DC86AED7EA98C7 /* RelayAPIClient.swift */; };
		ECCEB0CF82B22C66895429D7 /* SessionListView.swift in Sources */ = {isa = PBXBuildFile; fileRef = 9341F5BB569F69B8DB681599 /* SessionListView.swift */; };
		DD2104F926BF4BAD60ADA21F /* NewSessionSheet.swift in Sources */ = {isa = PBXBuildFile; fileRef = 8A972FC4F0A7DCE15070011C /* NewSessionSheet.swift */; };
		BA53F519E3201DFABE5B379E /* ChatView.swift in Sources */ = {isa = PBXBuildFile; fileRef = 106473B93521834130AB91C1 /* ChatView.swift */; };
/* End PBXBuildFile section */

/* Begin PBXFileReference section */
		3EC1C60F7F5D8989E26D1C5E /* RelayApp.swift */ = {isa = PBXFileReference; lastKnownFileType = sourcecode.swift; path = RelayApp.swift; sourceTree = "<group>"; };
		B06D26090891ADC0DE5998B2 /* Assets.xcassets */ = {isa = PBXFileReference; lastKnownFileType = folder.assetcatalog; path = Assets.xcassets; sourceTree = "<group>"; };
		5FFD644F3142B1CF931BA0ED /* Info.plist */ = {isa = PBXFileReference; lastKnownFileType = text.plist.xml; path = Info.plist; sourceTree = "<group>"; };
		80014118E9C69039BC98245B /* Relay.app */ = {isa = PBXFileReference; explicitFileType = wrapper.application; includeInIndex = 0; path = Relay.app; sourceTree = BUILT_PRODUCTS_DIR; };
		74E7DD56C453AE712A8F320A /* PushNotifications.swift */ = {isa = PBXFileReference; lastKnownFileType = sourcecode.swift; path = PushNotifications.swift; sourceTree = "<group>"; };
		C199EB13D51202A8495C4E35 /* Relay.entitlements */ = {isa = PBXFileReference; lastKnownFileType = text.plist.entitlements; path = Relay.entitlements; sourceTree = "<group>"; };
		35D05F6EBC323745F481746C /* RelayModels.swift */ = {isa = PBXFileReference; lastKnownFileType = sourcecode.swift; path = RelayModels.swift; sourceTree = "<group>"; };
		E17F642EE2DC86AED7EA98C7 /* RelayAPIClient.swift */ = {isa = PBXFileReference; lastKnownFileType = sourcecode.swift; path = RelayAPIClient.swift; sourceTree = "<group>"; };
		9341F5BB569F69B8DB681599 /* SessionListView.swift */ = {isa = PBXFileReference; lastKnownFileType = sourcecode.swift; path = SessionListView.swift; sourceTree = "<group>"; };
		8A972FC4F0A7DCE15070011C /* NewSessionSheet.swift */ = {isa = PBXFileReference; lastKnownFileType = sourcecode.swift; path = NewSessionSheet.swift; sourceTree = "<group>"; };
		106473B93521834130AB91C1 /* ChatView.swift */ = {isa = PBXFileReference; lastKnownFileType = sourcecode.swift; path = ChatView.swift; sourceTree = "<group>"; };
/* End PBXFileReference section */

/* Begin PBXFrameworksBuildPhase section */
		BBD71B17ACCC8BE1D9493BCD /* Frameworks */ = {
			isa = PBXFrameworksBuildPhase;
			buildActionMask = 2147483647;
			files = (
			);
			runOnlyForDeploymentPostprocessing = 0;
		};
/* End PBXFrameworksBuildPhase section */

/* Begin PBXGroup section */
		2B36FA56CB322CE34BCF3CA2 = {
			isa = PBXGroup;
			children = (
				7D5A92A88E0BDFD6AB601533 /* Relay */,
				0712BC112C6604D4F2476C59 /* Products */,
			);
			sourceTree = "<group>";
		};
		0712BC112C6604D4F2476C59 /* Products */ = {
			isa = PBXGroup;
			children = (
				80014118E9C69039BC98245B /* Relay.app */,
			);
			name = Products;
			sourceTree = "<group>";
		};
		7D5A92A88E0BDFD6AB601533 /* Relay */ = {
			isa = PBXGroup;
			children = (
				3EC1C60F7F5D8989E26D1C5E /* RelayApp.swift */,
				74E7DD56C453AE712A8F320A /* PushNotifications.swift */,
				B06D26090891ADC0DE5998B2 /* Assets.xcassets */,
				5FFD644F3142B1CF931BA0ED /* Info.plist */,
								35D05F6EBC323745F481746C /* RelayModels.swift */,
				E17F642EE2DC86AED7EA98C7 /* RelayAPIClient.swift */,
				9341F5BB569F69B8DB681599 /* SessionListView.swift */,
				8A972FC4F0A7DCE15070011C /* NewSessionSheet.swift */,
				106473B93521834130AB91C1 /* ChatView.swift */,
				C199EB13D51202A8495C4E35 /* Relay.entitlements */,
			);
			path = Relay;
			sourceTree = "<group>";
		};
/* End PBXGroup section */

/* Begin PBXNativeTarget section */
		AB82F2F264E8DC27F4B7E894 /* Relay */ = {
			isa = PBXNativeTarget;
			buildConfigurationList = 1E2012B985A40C42FEB9D5F1 /* Build configuration list for PBXNativeTarget "Relay" */;
			buildPhases = (
				FD2A94235F7268D038CFAF55 /* Sources */,
				BBD71B17ACCC8BE1D9493BCD /* Frameworks */,
				013BA91B8281066DC25E1209 /* Resources */,
			);
			buildRules = (
			);
			dependencies = (
			);
			name = Relay;
			productName = Relay;
			productReference = 80014118E9C69039BC98245B /* Relay.app */;
			productType = "com.apple.product-type.application";
		};
/* End PBXNativeTarget section */

/* Begin PBXProject section */
		0404CEE47DB67303E3DC73AB /* Project object */ = {
			isa = PBXProject;
			attributes = {
				BuildIndependentTargetsInParallel = 1;
				LastSwiftUpdateCheck = 1620;
				LastUpgradeCheck = 1620;
				TargetAttributes = {
					AB82F2F264E8DC27F4B7E894 = {
						CreatedOnToolsVersion = 16.2;
					};
				};
			};
			buildConfigurationList = A9B0C3E42F5AF3C2545DAE36 /* Build configuration list for PBXProject "Relay" */;
			compatibilityVersion = "Xcode 14.0";
			developmentRegion = en;
			hasScannedForEncodings = 0;
			knownRegions = (
				en,
				Base,
			);
			mainGroup = 2B36FA56CB322CE34BCF3CA2;
			productRefGroup = 0712BC112C6604D4F2476C59 /* Products */;
			projectDirPath = "";
			projectRoot = "";
			targets = (
				AB82F2F264E8DC27F4B7E894 /* Relay */,
			);
		};
/* End PBXProject section */

/* Begin PBXResourcesBuildPhase section */
		013BA91B8281066DC25E1209 /* Resources */ = {
			isa = PBXResourcesBuildPhase;
			buildActionMask = 2147483647;
			files = (
				44D35376D571F2F897AE1A42 /* Assets.xcassets in Resources */,
			);
			runOnlyForDeploymentPostprocessing = 0;
		};
/* End PBXResourcesBuildPhase section */

/* Begin PBXSourcesBuildPhase section */
		FD2A94235F7268D038CFAF55 /* Sources */ = {
			isa = PBXSourcesBuildPhase;
			buildActionMask = 2147483647;
			files = (
				763F4507A681E31B229DF9A3 /* RelayApp.swift in Sources */,
								846B14612F69E8E6AFB027D7 /* RelayModels.swift in Sources */,
				A0920A03C43B6DF004D4275C /* RelayAPIClient.swift in Sources */,
				ECCEB0CF82B22C66895429D7 /* SessionListView.swift in Sources */,
				DD2104F926BF4BAD60ADA21F /* NewSessionSheet.swift in Sources */,
				BA53F519E3201DFABE5B379E /* ChatView.swift in Sources */,
				B3569338D0EDA27BDC776530 /* PushNotifications.swift in Sources */,
			);
			runOnlyForDeploymentPostprocessing = 0;
		};
/* End PBXSourcesBuildPhase section */

/* Begin XCBuildConfiguration section */
		EA7F26844C4B3F9B791C4C90 /* Debug */ = {
			isa = XCBuildConfiguration;
			buildSettings = {
				ALWAYS_SEARCH_USER_PATHS = NO;
				CLANG_ENABLE_MODULES = YES;
				CLANG_ENABLE_OBJC_ARC = YES;
				CLANG_WARN_EMPTY_BODY = YES;
				CODE_SIGN_STYLE = Automatic;
				COPY_PHASE_STRIP = NO;
				DEBUG_INFORMATION_FORMAT = dwarf;
				ENABLE_STRICT_OBJC_MSGSEND = YES;
				ENABLE_TESTABILITY = YES;
				GCC_C_LANGUAGE_STANDARD = gnu17;
				GCC_DYNAMIC_NO_PIC = NO;
				GCC_OPTIMIZATION_LEVEL = 0;
				GCC_PREPROCESSOR_DEFINITIONS = (
					"DEBUG=1",
					"$(inherited)",
				);
				IPHONEOS_DEPLOYMENT_TARGET = 16.0;
				MTL_ENABLE_DEBUG_INFO = INCLUDE_SOURCE;
				ONLY_ACTIVE_ARCH = YES;
				SDKROOT = iphoneos;
				SWIFT_ACTIVE_COMPILATION_CONDITIONS = DEBUG;
				SWIFT_OPTIMIZATION_LEVEL = "-Onone";
				SWIFT_VERSION = 5.0;
			};
			name = Debug;
		};
		03CBD8F188846B4E9ACB7DC9 /* Release */ = {
			isa = XCBuildConfiguration;
			buildSettings = {
				ALWAYS_SEARCH_USER_PATHS = NO;
				CLANG_ENABLE_MODULES = YES;
				CLANG_ENABLE_OBJC_ARC = YES;
				CLANG_WARN_EMPTY_BODY = YES;
				CODE_SIGN_STYLE = Automatic;
				COPY_PHASE_STRIP = NO;
				DEBUG_INFORMATION_FORMAT = "dwarf-with-dsym";
				ENABLE_NS_ASSERTIONS = NO;
				ENABLE_STRICT_OBJC_MSGSEND = YES;
				GCC_C_LANGUAGE_STANDARD = gnu17;
				IPHONEOS_DEPLOYMENT_TARGET = 16.0;
				MTL_ENABLE_DEBUG_INFO = NO;
				SDKROOT = iphoneos;
				SWIFT_COMPILATION_MODE = wholemodule;
				SWIFT_VERSION = 5.0;
				VALIDATE_PRODUCT = YES;
			};
			name = Release;
		};
		CE3E7FDA7A11259BE4EAB5E5 /* Debug */ = {
			isa = XCBuildConfiguration;
			buildSettings = {
				ASSETCATALOG_COMPILER_APPICON_NAME = AppIcon;
				ASSETCATALOG_COMPILER_GLOBAL_ACCENT_COLOR_NAME = AccentColor;
				CODE_SIGN_ENTITLEMENTS = Relay/Relay.entitlements;
				CODE_SIGN_STYLE = Automatic;
				CURRENT_PROJECT_VERSION = 1;
				GENERATE_INFOPLIST_FILE = NO;
				INFOPLIST_FILE = Relay/Info.plist;
				INFOPLIST_KEY_UIApplicationSupportsIndirectInputEvents = YES;
				IPHONEOS_DEPLOYMENT_TARGET = 16.0;
				LD_RUNPATH_SEARCH_PATHS = (
					"$(inherited)",
					"@executable_path/Frameworks",
				);
				MARKETING_VERSION = 1.0;
				PRODUCT_BUNDLE_IDENTIFIER = "nl.jdries.relay";
				PRODUCT_NAME = "$(TARGET_NAME)";
				SWIFT_EMIT_LOC_STRINGS = YES;
				SWIFT_VERSION = 5.0;
				TARGETED_DEVICE_FAMILY = "1,2";
			};
			name = Debug;
		};
		D09050B1EA36126F31B2A32F /* Release */ = {
			isa = XCBuildConfiguration;
			buildSettings = {
				ASSETCATALOG_COMPILER_APPICON_NAME = AppIcon;
				ASSETCATALOG_COMPILER_GLOBAL_ACCENT_COLOR_NAME = AccentColor;
				CODE_SIGN_ENTITLEMENTS = Relay/Relay.entitlements;
				CODE_SIGN_STYLE = Automatic;
				CURRENT_PROJECT_VERSION = 1;
				GENERATE_INFOPLIST_FILE = NO;
				INFOPLIST_FILE = Relay/Info.plist;
				INFOPLIST_KEY_UIApplicationSupportsIndirectInputEvents = YES;
				IPHONEOS_DEPLOYMENT_TARGET = 16.0;
				LD_RUNPATH_SEARCH_PATHS = (
					"$(inherited)",
					"@executable_path/Frameworks",
				);
				MARKETING_VERSION = 1.0;
				PRODUCT_BUNDLE_IDENTIFIER = "nl.jdries.relay";
				PRODUCT_NAME = "$(TARGET_NAME)";
				SWIFT_EMIT_LOC_STRINGS = YES;
				SWIFT_VERSION = 5.0;
				TARGETED_DEVICE_FAMILY = "1,2";
			};
			name = Release;
		};
/* End XCBuildConfiguration section */

/* Begin XCConfigurationList section */
		A9B0C3E42F5AF3C2545DAE36 /* Build configuration list for PBXProject "Relay" */ = {
			isa = XCConfigurationList;
			buildConfigurations = (
				EA7F26844C4B3F9B791C4C90 /* Debug */,
				03CBD8F188846B4E9ACB7DC9 /* Release */,
			);
			defaultConfigurationIsVisible = 0;
			defaultConfigurationName = Release;
		};
		1E2012B985A40C42FEB9D5F1 /* Build configuration list for PBXNativeTarget "Relay" */ = {
			isa = XCConfigurationList;
			buildConfigurations = (
				CE3E7FDA7A11259BE4EAB5E5 /* Debug */,
				D09050B1EA36126F31B2A32F /* Release */,
			);
			defaultConfigurationIsVisible = 0;
			defaultConfigurationName = Release;
		};
/* End XCConfigurationList section */
	};
	rootObject = 0404CEE47DB67303E3DC73AB /* Project object */;
}
